
Microsoft Visual Studio Solution File, Format Version 12.00
# Visual Studio Version 16
VisualStudioVersion = 16.0.30804.86
MinimumVisualStudioVersion = 10.0.40219.1
Project("{FAE04EC0-301F-11D3-BF4B-00C04F79EFBC}") = "LakewoodScoopScraper.Web", "LakewoodScoopScraper.Web\LakewoodScoopScraper.Web.csproj", "{A3B0DD6A-C2C7-488E-87D6-74EF28CAC45F}"
EndProject
Project("{FAE04EC0-301F-11D3-BF4B-00C04F79EFBC}") = "LakewoodScoopScraper.Scraping", "LakewoodScoopScraper.Scraping\LakewoodScoopScraper.Scraping.csproj", "{00926BB6-B14D-404F-924E-27C491E48C5B}"
EndProject
Global
	GlobalSection(SolutionConfigurationPlatforms) = preSolution
		Debug|Any CPU = Debug|Any CPU
		Release|Any CPU = Release|Any CPU
	EndGlobalSection
	GlobalSection(ProjectConfigurationPlatforms) = postSolution
		{A3B0DD6A-C2C7-488E-87D6-74EF28CAC45F}.Debug|Any CPU.ActiveCfg = Debug|Any CPU
		{A3B0DD6A-C2C7-488E-87D6-74EF28CAC45F}.Debug|Any CPU.Build.0 = Debug|Any CPU
		{A3B0DD6A-C2C7-488E-87D6-74EF28CAC45F}.Release|Any CPU.ActiveCfg = Release|Any CPU
		{A3B0DD6A-C2C7-488E-87D6-74EF28CAC45F}.Release|Any CPU.Build.0 = Release|Any CPU
		{00926BB6-B14D-404F-924E-27C491E48C5B}.Debug|Any CPU.ActiveCfg = Debug|Any CPU
		{00926BB6-B14D-404F-924E-27C491E48C5B}.Debug|Any CPU.Build.0 = Debug|Any CPU
		{00926BB6-B14D-404F-924E-27C491E48C5B}.Release|Any CPU.ActiveCfg = Release|Any CPU
		{00926BB6-B14D-404F-924E-27C491E48C5B}.Release|Any CPU.Build.0 = Release|Any CPU
	EndGlobalSection
	GlobalSection(SolutionProperties) = preSolution
		HideSolutionNode = FALSE
	EndGlobalSection
	GlobalSection(ExtensibilityGlobals) = postSolution
		SolutionGuid = {064FB088-7457-4B02-9DFB-EA2C337D3168}
	EndGlobalSection
EndGlobal
